
Microsoft Visual Studio Solution File, Format Version 12.00
# Visual Studio 15
VisualStudioVersion = 15.0.27004.2006
MinimumVisualStudioVersion = 10.0.40219.1
Project("{FAE04EC0-301F-11D3-BF4B-00C04F79EFBC}") = "WebApplication1", "WebApplication1\WebApplication1.csproj", "{F611FE4C-464D-4160-BE50-BCC75DB0BE55}"
EndProject
Global
	GlobalSection(SolutionConfigurationPlatforms) = preSolution
		Debug|Any CPU = Debug|Any CPU
		Release|Any CPU = Release|Any CPU
	EndGlobalSection
	GlobalSection(ProjectConfigurationPlatforms) = postSolution
		{F611FE4C-464D-4160-BE50-BCC75DB0BE55}.Debug|Any CPU.ActiveCfg = Debug|Any CPU
		{F611FE4C-464D-4160-BE50-BCC75DB0BE55}.Debug|Any CPU.Build.0 = Debug|Any CPU
		{F611FE4C-464D-4160-BE50-BCC75DB0BE55}.Release|Any CPU.ActiveCfg = Release|Any CPU
		{F611FE4C-464D-4160-BE50-BCC75DB0BE55}.Release|Any CPU.Build.0 = Release|Any CPU
	EndGlobalSection
	GlobalSection(SolutionProperties) = preSolution
		HideSolutionNode = FALSE
	EndGlobalSection
	GlobalSection(ExtensibilityGlobals) = postSolution
		SolutionGuid = {754834B8-CF1D-4940-8BD7-52476F0F79C8}
	EndGlobalSection
EndGlobal
